
Microsoft Visual Studio Solution File, Format Version 12.00
Project("{FAE04EC0-301F-11D3-BF4B-00C04F79EFBC}") = "GamifiedToDo.API", "GamifiedToDo.API\GamifiedToDo.API.csproj", "{F0A515AA-BC70-426A-98A3-6781EA4230A3}"
EndProject
Project("{2150E333-8FDC-42A3-9474-1A3956D46DE8}") = "Host", "Host", "{8B47B019-0CE5-4D65-A47B-6DE34B696027}"
EndProject
Project("{2150E333-8FDC-42A3-9474-1A3956D46DE8}") = "Adapters", "Adapters", "{EA6EEFB1-78A2-47F8-9A43-3FD5CD6C2A66}"
EndProject
Project("{FAE04EC0-301F-11D3-BF4B-00C04F79EFBC}") = "GamifiedToDo.Adapters.Data", "GamifiedToDo.Adapters.Data\GamifiedToDo.Adapters.Data.csproj", "{ABCEBB1D-D9E6-43E7-BC7F-8EC6DC018B0E}"
EndProject
Project("{2150E333-8FDC-42A3-9474-1A3956D46DE8}") = "Services", "Services", "{B7D9C77D-4B83-4337-A3C4-09FD28452BE8}"
EndProject
Project("{FAE04EC0-301F-11D3-BF4B-00C04F79EFBC}") = "GamifiedToDo.Services.App", "GamifiedToDo.Services.App\GamifiedToDo.Services.App.csproj", "{447111C8-4186-42B5-8AEE-FC845E2792F1}"
EndProject
Project("{FAE04EC0-301F-11D3-BF4B-00C04F79EFBC}") = "GamifiedToDo.Services.App.Dep", "GamifiedToDo.Services.App.Dep\GamifiedToDo.Services.App.Dep.csproj", "{A28BECEB-B707-4040-A9D2-373EF56BD9BA}"
EndProject
Project("{FAE04EC0-301F-11D3-BF4B-00C04F79EFBC}") = "GamifiedToDo.Services.App.Int", "GamifiedToDo.Services.App.Int\GamifiedToDo.Services.App.Int.csproj", "{60E49131-5A99-4769-AF81-C676F95991A2}"
EndProject
Project("{2150E333-8FDC-42A3-9474-1A3956D46DE8}") = "Tests", "Tests", "{FAC30D68-DA6A-4F64-857E-11AD7F8A8EDF}"
EndProject
Project("{FAE04EC0-301F-11D3-BF4B-00C04F79EFBC}") = "GamifiedToDo.Tests.Integration", "GamifiedToDo.Tests.Integration\GamifiedToDo.Tests.Integration.csproj", "{19089E41-E2FB-4B3D-934E-9872B0FA71A5}"
EndProject
Project("{FAE04EC0-301F-11D3-BF4B-00C04F79EFBC}") = "GamifiedToDo.Tests.Unit", "GamifiedToDo.Tests.Unit\GamifiedToDo.Tests.Unit.csproj", "{450119A2-4E23-4D31-94E9-0C7B4E85842C}"
EndProject
Global
	GlobalSection(SolutionConfigurationPlatforms) = preSolution
		Debug|Any CPU = Debug|Any CPU
		Release|Any CPU = Release|Any CPU
	EndGlobalSection
	GlobalSection(ProjectConfigurationPlatforms) = postSolution
		{F0A515AA-BC70-426A-98A3-6781EA4230A3}.Debug|Any CPU.ActiveCfg = Debug|Any CPU
		{F0A515AA-BC70-426A-98A3-6781EA4230A3}.Debug|Any CPU.Build.0 = Debug|Any CPU
		{F0A515AA-BC70-426A-98A3-6781EA4230A3}.Release|Any CPU.ActiveCfg = Release|Any CPU
		{F0A515AA-BC70-426A-98A3-6781EA4230A3}.Release|Any CPU.Build.0 = Release|Any CPU
		{ABCEBB1D-D9E6-43E7-BC7F-8EC6DC018B0E}.Debug|Any CPU.ActiveCfg = Debug|Any CPU
		{ABCEBB1D-D9E6-43E7-BC7F-8EC6DC018B0E}.Debug|Any CPU.Build.0 = Debug|Any CPU
		{ABCEBB1D-D9E6-43E7-BC7F-8EC6DC018B0E}.Release|Any CPU.ActiveCfg = Release|Any CPU
		{ABCEBB1D-D9E6-43E7-BC7F-8EC6DC018B0E}.Release|Any CPU.Build.0 = Release|Any CPU
		{447111C8-4186-42B5-8AEE-FC845E2792F1}.Debug|Any CPU.ActiveCfg = Debug|Any CPU
		{447111C8-4186-42B5-8AEE-FC845E2792F1}.Debug|Any CPU.Build.0 = Debug|Any CPU
		{447111C8-4186-42B5-8AEE-FC845E2792F1}.Release|Any CPU.ActiveCfg = Release|Any CPU
		{447111C8-4186-42B5-8AEE-FC845E2792F1}.Release|Any CPU.Build.0 = Release|Any CPU
		{A28BECEB-B707-4040-A9D2-373EF56BD9BA}.Debug|Any CPU.ActiveCfg = Debug|Any CPU
		{A28BECEB-B707-4040-A9D2-373EF56BD9BA}.Debug|Any CPU.Build.0 = Debug|Any CPU
		{A28BECEB-B707-4040-A9D2-373EF56BD9BA}.Release|Any CPU.ActiveCfg = Release|Any CPU
		{A28BECEB-B707-4040-A9D2-373EF56BD9BA}.Release|Any CPU.Build.0 = Release|Any CPU
		{60E49131-5A99-4769-AF81-C676F95991A2}.Debug|Any CPU.ActiveCfg = Debug|Any CPU
		{60E49131-5A99-4769-AF81-C676F95991A2}.Debug|Any CPU.Build.0 = Debug|Any CPU
		{60E49131-5A99-4769-AF81-C676F95991A2}.Release|Any CPU.ActiveCfg = Release|Any CPU
		{60E49131-5A99-4769-AF81-C676F95991A2}.Release|Any CPU.Build.0 = Release|Any CPU
		{19089E41-E2FB-4B3D-934E-9872B0FA71A5}.Debug|Any CPU.ActiveCfg = Debug|Any CPU
		{19089E41-E2FB-4B3D-934E-9872B0FA71A5}.Debug|Any CPU.Build.0 = Debug|Any CPU
		{19089E41-E2FB-4B3D-934E-9872B0FA71A5}.Release|Any CPU.ActiveCfg = Release|Any CPU
		{19089E41-E2FB-4B3D-934E-9872B0FA71A5}.Release|Any CPU.Build.0 = Release|Any CPU
		{450119A2-4E23-4D31-94E9-0C7B4E85842C}.Debug|Any CPU.ActiveCfg = Debug|Any CPU
		{450119A2-4E23-4D31-94E9-0C7B4E85842C}.Debug|Any CPU.Build.0 = Debug|Any CPU
		{450119A2-4E23-4D31-94E9-0C7B4E85842C}.Release|Any CPU.ActiveCfg = Release|Any CPU
		{450119A2-4E23-4D31-94E9-0C7B4E85842C}.Release|Any CPU.Build.0 = Release|Any CPU
	EndGlobalSection
	GlobalSection(NestedProjects) = preSolution
		{F0A515AA-BC70-426A-98A3-6781EA4230A3} = {8B47B019-0CE5-4D65-A47B-6DE34B696027}
		{ABCEBB1D-D9E6-43E7-BC7F-8EC6DC018B0E} = {EA6EEFB1-78A2-47F8-9A43-3FD5CD6C2A66}
		{447111C8-4186-42B5-8AEE-FC845E2792F1} = {B7D9C77D-4B83-4337-A3C4-09FD28452BE8}
		{A28BECEB-B707-4040-A9D2-373EF56BD9BA} = {B7D9C77D-4B83-4337-A3C4-09FD28452BE8}
		{60E49131-5A99-4769-AF81-C676F95991A2} = {B7D9C77D-4B83-4337-A3C4-09FD28452BE8}
		{19089E41-E2FB-4B3D-934E-9872B0FA71A5} = {FAC30D68-DA6A-4F64-857E-11AD7F8A8EDF}
		{450119A2-4E23-4D31-94E9-0C7B4E85842C} = {FAC30D68-DA6A-4F64-857E-11AD7F8A8EDF}
	EndGlobalSection
EndGlobal
